
Microsoft Visual Studio Solution File, Format Version 12.00
# Visual Studio Version 17
VisualStudioVersion = 17.3.32929.385
MinimumVisualStudioVersion = 10.0.40219.1
Project("{FAE04EC0-301F-11D3-BF4B-00C04F79EFBC}") = "PriceCalculatorKata", "PriceCalculatorKata\PriceCalculatorKata.csproj", "{E529E585-CF62-4A84-B714-3354B9A7DA62}"
EndProject
Global
	GlobalSection(SolutionConfigurationPlatforms) = preSolution
		Debug|Any CPU = Debug|Any CPU
		Release|Any CPU = Release|Any CPU
	EndGlobalSection
	GlobalSection(ProjectConfigurationPlatforms) = postSolution
		{E529E585-CF62-4A84-B714-3354B9A7DA62}.Debug|Any CPU.ActiveCfg = Debug|Any CPU
		{E529E585-CF62-4A84-B714-3354B9A7DA62}.Debug|Any CPU.Build.0 = Debug|Any CPU
		{E529E585-CF62-4A84-B714-3354B9A7DA62}.Release|Any CPU.ActiveCfg = Release|Any CPU
		{E529E585-CF62-4A84-B714-3354B9A7DA62}.Release|Any CPU.Build.0 = Release|Any CPU
	EndGlobalSection
	GlobalSection(SolutionProperties) = preSolution
		HideSolutionNode = FALSE
	EndGlobalSection
	GlobalSection(ExtensibilityGlobals) = postSolution
		SolutionGuid = {80BE14E9-EDA9-44A7-82A6-079CA2D57292}
	EndGlobalSection
EndGlobal
